
Microsoft Visual Studio Solution File, Format Version 12.00
# Visual Studio Version 17
VisualStudioVersion = 17.5.002.0
MinimumVisualStudioVersion = 10.0.40219.1
Project("{9A19103F-16F7-4668-BE54-9A1E7A4F7556}") = "RpgApi", "RpgApi.csproj", "{AACA3AB9-731F-4809-B8E6-36F9CC5CBAF1}"
EndProject
Global
	GlobalSection(SolutionConfigurationPlatforms) = preSolution
		Debug|Any CPU = Debug|Any CPU
		Release|Any CPU = Release|Any CPU
	EndGlobalSection
	GlobalSection(ProjectConfigurationPlatforms) = postSolution
		{AACA3AB9-731F-4809-B8E6-36F9CC5CBAF1}.Debug|Any CPU.ActiveCfg = Debug|Any CPU
		{AACA3AB9-731F-4809-B8E6-36F9CC5CBAF1}.Debug|Any CPU.Build.0 = Debug|Any CPU
		{AACA3AB9-731F-4809-B8E6-36F9CC5CBAF1}.Release|Any CPU.ActiveCfg = Release|Any CPU
		{AACA3AB9-731F-4809-B8E6-36F9CC5CBAF1}.Release|Any CPU.Build.0 = Release|Any CPU
	EndGlobalSection
	GlobalSection(SolutionProperties) = preSolution
		HideSolutionNode = FALSE
	EndGlobalSection
	GlobalSection(ExtensibilityGlobals) = postSolution
		SolutionGuid = {11C8A4F9-6246-412E-B8E4-C669E1405254}
	EndGlobalSection
EndGlobal
